
Microsoft Visual Studio Solution File, Format Version 12.00
# Visual Studio Version 17
VisualStudioVersion = 17.9.34616.47
MinimumVisualStudioVersion = 10.0.40219.1
Project("{FAE04EC0-301F-11D3-BF4B-00C04F79EFBC}") = "Property", "Property\Property.csproj", "{51F969D6-78DF-4F90-A1BB-8368A232759D}"
EndProject
Global
	GlobalSection(SolutionConfigurationPlatforms) = preSolution
		Debug|Any CPU = Debug|Any CPU
		Release|Any CPU = Release|Any CPU
	EndGlobalSection
	GlobalSection(ProjectConfigurationPlatforms) = postSolution
		{51F969D6-78DF-4F90-A1BB-8368A232759D}.Debug|Any CPU.ActiveCfg = Debug|Any CPU
		{51F969D6-78DF-4F90-A1BB-8368A232759D}.Debug|Any CPU.Build.0 = Debug|Any CPU
		{51F969D6-78DF-4F90-A1BB-8368A232759D}.Release|Any CPU.ActiveCfg = Release|Any CPU
		{51F969D6-78DF-4F90-A1BB-8368A232759D}.Release|Any CPU.Build.0 = Release|Any CPU
	EndGlobalSection
	GlobalSection(SolutionProperties) = preSolution
		HideSolutionNode = FALSE
	EndGlobalSection
	GlobalSection(ExtensibilityGlobals) = postSolution
		SolutionGuid = {A978E12E-A72A-41DF-A62D-4DCAD52B4794}
	EndGlobalSection
EndGlobal
